{
  "lockfile_version": "1",
  "packages": {
    "glibcLocales@latest": {
      "last_modified": "2024-07-07T16:08:25Z",
      "resolved": "github:NixOS/nixpkgs/ab82a9612aa45284d4adf69ee81871a389669a9e#glibcLocales",
      "source": "devbox-search",
      "version": "2.39-52",
      "systems": {
        "aarch64-linux": {
          "outputs": [
            {
              "name": "out",
              "path": "/nix/store/shbi7svv7ikyksizl08cldafzanzrxcs-glibc-locales-2.39-52",
              "default": true
            }
          ],
          "store_path": "/nix/store/shbi7svv7ikyksizl08cldafzanzrxcs-glibc-locales-2.39-52"
        },
        "x86_64-linux": {
          "outputs": [
            {
              "name": "out",
              "path": "/nix/store/acxxrpwzjg7xkhq8jxzasqby1bndnxs3-glibc-locales-2.39-52",
              "default": true
            }
          ],
          "store_path": "/nix/store/acxxrpwzjg7xkhq8jxzasqby1bndnxs3-glibc-locales-2.39-52"
        }
      }
    },
    "postgresql@latest": {
      "last_modified": "2024-07-07T16:08:25Z",
      "plugin_version": "0.0.2",
      "resolved": "github:NixOS/nixpkgs/ab82a9612aa45284d4adf69ee81871a389669a9e#postgresql",
      "source": "devbox-search",
      "version": "15.7",
      "systems": {
        "aarch64-darwin": {
          "outputs": [
            {
              "name": "out",
              "path": "/nix/store/g709813dxhgyjwsz4zwqyqb2fxvz9n1l-postgresql-15.7",
              "default": true
            },
            {
              "name": "man",
              "path": "/nix/store/yww09ykk70wjm4ay43yh350zd77i3522-postgresql-15.7-man",
              "default": true
            },
            {
              "name": "doc",
              "path": "/nix/store/4mdg50lfjh1dancf2w9aqjl3fjg1w5wv-postgresql-15.7-doc"
            },
            {
              "name": "lib",
              "path": "/nix/store/7hmvsyvcqrr46v5440c5k137qc4vwz73-postgresql-15.7-lib"
            }
          ],
          "store_path": "/nix/store/g709813dxhgyjwsz4zwqyqb2fxvz9n1l-postgresql-15.7"
        },
        "aarch64-linux": {
          "outputs": [
            {
              "name": "out",
              "path": "/nix/store/ggj83wgyjarkcxn99igsband7rq4bnaq-postgresql-15.7",
              "default": true
            },
            {
              "name": "man",
              "path": "/nix/store/ri1fbcw75xj3zp5yp8dknxw484b7fzp5-postgresql-15.7-man",
              "default": true
            },
            {
              "name": "lib",
              "path": "/nix/store/zir7zh3j79fd80zwxkcn6y29aps437dc-postgresql-15.7-lib"
            },
            {
              "name": "debug",
              "path": "/nix/store/z2cnvgq78rallhc03p8wy9zdqq7fpsr2-postgresql-15.7-debug"
            },
            {
              "name": "doc",
              "path": "/nix/store/naz9z3jj54lad70lkq8zkwdk59m3vm52-postgresql-15.7-doc"
            }
          ],
          "store_path": "/nix/store/ggj83wgyjarkcxn99igsband7rq4bnaq-postgresql-15.7"
        },
        "x86_64-darwin": {
          "outputs": [
            {
              "name": "out",
              "path": "/nix/store/qvhjnll3n3d1va7rxlh1yd348gqwy4v1-postgresql-15.7",
              "default": true
            },
            {
              "name": "man",
              "path": "/nix/store/5mmzk97ppd9b6m2239b4xkwc853116mf-postgresql-15.7-man",
              "default": true
            },
            {
              "name": "doc",
              "path": "/nix/store/jwp1aqs6fkbygfg9gpcx99lhc2dlalgc-postgresql-15.7-doc"
            },
            {
              "name": "lib",
              "path": "/nix/store/sngcqjdypd1bwxz6rs3hwy8jbjb9k690-postgresql-15.7-lib"
            }
          ],
          "store_path": "/nix/store/qvhjnll3n3d1va7rxlh1yd348gqwy4v1-postgresql-15.7"
        },
        "x86_64-linux": {
          "outputs": [
            {
              "name": "out",
              "path": "/nix/store/y20f3ng0g3qyvxdnrh6pj05a9gg1vhzc-postgresql-15.7",
              "default": true
            },
            {
              "name": "man",
              "path": "/nix/store/i2dxiiwv6a38azq2bacb4mk7ir4bsxk6-postgresql-15.7-man",
              "default": true
            },
            {
              "name": "debug",
              "path": "/nix/store/4qnj6h95q6akmag8risjilrw5h7vxw8y-postgresql-15.7-debug"
            },
            {
              "name": "doc",
              "path": "/nix/store/bwfx3pfc2s5hjwjzq581i0f70y7fbs8s-postgresql-15.7-doc"
            },
            {
              "name": "lib",
              "path": "/nix/store/3hd8s5jhwqcxz8h8i57w8n7ka85k4g4x-postgresql-15.7-lib"
            }
          ],
          "store_path": "/nix/store/y20f3ng0g3qyvxdnrh6pj05a9gg1vhzc-postgresql-15.7"
        }
      }
    },
    "python@3.12": {
      "last_modified": "2024-07-07T16:08:25Z",
      "plugin_version": "0.0.3",
      "resolved": "github:NixOS/nixpkgs/ab82a9612aa45284d4adf69ee81871a389669a9e#python3",
      "source": "devbox-search",
      "version": "3.12.4",
      "systems": {
        "aarch64-darwin": {
          "outputs": [
            {
              "name": "out",
              "path": "/nix/store/3swy1vadi125g0c1vxqp8ykdr749803j-python3-3.12.4",
              "default": true
            }
          ],
          "store_path": "/nix/store/3swy1vadi125g0c1vxqp8ykdr749803j-python3-3.12.4"
        },
        "aarch64-linux": {
          "outputs": [
            {
              "name": "out",
              "path": "/nix/store/sz2facg15yq3ziqkidb1dkkglwzkkg8a-python3-3.12.4",
              "default": true
            },
            {
              "name": "debug",
              "path": "/nix/store/19vjjqg7jbfblqapf63nm9ich1xdq9dx-python3-3.12.4-debug"
            }
          ],
          "store_path": "/nix/store/sz2facg15yq3ziqkidb1dkkglwzkkg8a-python3-3.12.4"
        },
        "x86_64-darwin": {
          "outputs": [
            {
              "name": "out",
              "path": "/nix/store/3y5wy1i9nq5293knm23mxsj5l6w41h2l-python3-3.12.4",
              "default": true
            }
          ],
          "store_path": "/nix/store/3y5wy1i9nq5293knm23mxsj5l6w41h2l-python3-3.12.4"
        },
        "x86_64-linux": {
          "outputs": [
            {
              "name": "out",
              "path": "/nix/store/z7xxy35k7620hs6fn6la5fg2lgklv72l-python3-3.12.4",
              "default": true
            },
            {
              "name": "debug",
              "path": "/nix/store/3x6jqv5yw212v8rlwql88cn94dginq32-python3-3.12.4-debug"
            }
          ],
          "store_path": "/nix/store/z7xxy35k7620hs6fn6la5fg2lgklv72l-python3-3.12.4"
        }
      }
    },
    "ripgrep@latest": {
      "last_modified": "2024-07-07T16:08:25Z",
      "resolved": "github:NixOS/nixpkgs/ab82a9612aa45284d4adf69ee81871a389669a9e#ripgrep",
      "source": "devbox-search",
      "version": "14.1.0",
      "systems": {
        "aarch64-darwin": {
          "outputs": [
            {
              "name": "out",
              "path": "/nix/store/r4j728a9dl51w94c68aziqirrwn3vcp6-ripgrep-14.1.0",
              "default": true
            }
          ],
          "store_path": "/nix/store/r4j728a9dl51w94c68aziqirrwn3vcp6-ripgrep-14.1.0"
        },
        "aarch64-linux": {
          "outputs": [
            {
              "name": "out",
              "path": "/nix/store/j3z754pmsk512a0i1xm2a9b0gghxmfqg-ripgrep-14.1.0",
              "default": true
            }
          ],
          "store_path": "/nix/store/j3z754pmsk512a0i1xm2a9b0gghxmfqg-ripgrep-14.1.0"
        },
        "x86_64-darwin": {
          "outputs": [
            {
              "name": "out",
              "path": "/nix/store/vqi673s0ifaqh6kab3j018a8jz598966-ripgrep-14.1.0",
              "default": true
            }
          ],
          "store_path": "/nix/store/vqi673s0ifaqh6kab3j018a8jz598966-ripgrep-14.1.0"
        },
        "x86_64-linux": {
          "outputs": [
            {
              "name": "out",
              "path": "/nix/store/fnfmwb3s676q4hz9izxp1x1mpby2z75x-ripgrep-14.1.0",
              "default": true
            }
          ],
          "store_path": "/nix/store/fnfmwb3s676q4hz9izxp1x1mpby2z75x-ripgrep-14.1.0"
        }
      }
    }
  }
}
